hash: ed831c341bbf66506e8fe42be609e6729aa0126d8c6fbef0b3d436c44f793eff
updated: 2017-06-12T15:44:23.151838443-05:00
imports:
- name: github.com/azure/azure-sdk-for-go
  version: 2629e2dfcfeab50896230140542c3b9d89b35ae1
  subpackages:
  - storage
- name: github.com/Azure/go-autorest
  version: 58f6f26e200fa5dfb40c9cd1c83f3e2c860d779d
  subpackages:
  - autorest
  - autorest/adal
  - autorest/azure
  - autorest/date
  - autorest/to
- name: github.com/dgrijalva/jwt-go
  version: a539ee1a749a2b895533f979515ac7e6e0f5b650
- name: github.com/satori/uuid
  version: 5bf94b69c6b68ee1b541973bb8e1144db23a194b
testImports: []
